
Microsoft Visual Studio Solution File, Format Version 12.00
# Visual Studio 15
VisualStudioVersion = 15.0.28307.539
MinimumVisualStudioVersion = 10.0.40219.1
Project("{FAE04EC0-301F-11D3-BF4B-00C04F79EFBC}") = "EZNEW.Cache.Redis", "EZNEW.Cache.Redis\EZNEW.Cache.Redis.csproj", "{AC9B107D-D1A2-4D34-B015-8F17BF89A49D}"
EndProject
Global
	GlobalSection(SolutionConfigurationPlatforms) = preSolution
		Debug|Any CPU = Debug|Any CPU
		Release|Any CPU = Release|Any CPU
	EndGlobalSection
	GlobalSection(ProjectConfigurationPlatforms) = postSolution
		{AC9B107D-D1A2-4D34-B015-8F17BF89A49D}.Debug|Any CPU.ActiveCfg = Debug|Any CPU
		{AC9B107D-D1A2-4D34-B015-8F17BF89A49D}.Debug|Any CPU.Build.0 = Debug|Any CPU
		{AC9B107D-D1A2-4D34-B015-8F17BF89A49D}.Release|Any CPU.ActiveCfg = Release|Any CPU
		{AC9B107D-D1A2-4D34-B015-8F17BF89A49D}.Release|Any CPU.Build.0 = Release|Any CPU
	EndGlobalSection
	GlobalSection(SolutionProperties) = preSolution
		HideSolutionNode = FALSE
	EndGlobalSection
	GlobalSection(ExtensibilityGlobals) = postSolution
		SolutionGuid = {77A89E06-2497-4595-ABE3-3742E41F91A9}
	EndGlobalSection
EndGlobal
